
Microsoft Visual Studio Solution File, Format Version 12.00
# Visual Studio 14
VisualStudioVersion = 14.0.25420.1
MinimumVisualStudioVersion = 10.0.40219.1
Project("{FAE04EC0-301F-11D3-BF4B-00C04F79EFBC}") = "AGLProgrammingTest", "AGLProgrammingTest\AGLProgrammingTest.csproj", "{9D511848-E526-49E5-BE05-8930F1766322}"
EndProject
Project("{FAE04EC0-301F-11D3-BF4B-00C04F79EFBC}") = "AGL.BusinessLogic", "AGL.BusinessLogic\AGL.BusinessLogic.csproj", "{E41E291B-0BAC-44A2-A8EC-7DF423945A13}"
EndProject
Project("{FAE04EC0-301F-11D3-BF4B-00C04F79EFBC}") = "AGL.DataAccess", "AGL.DataAccess\AGL.DataAccess.csproj", "{8499569B-58FE-4655-BB18-21782201C1A1}"
EndProject
Project("{FAE04EC0-301F-11D3-BF4B-00C04F79EFBC}") = "AGL.Models", "AGL.Models\AGL.Models.csproj", "{C6DE6D13-B630-4F37-97FF-EFB9CD51D9A2}"
EndProject
Project("{FAE04EC0-301F-11D3-BF4B-00C04F79EFBC}") = "AGL.DataAccess.Tests", "AGL.DataAccess.Tests\AGL.DataAccess.Tests.csproj", "{EE1C34EE-6AAC-4B4F-8BFA-95210237956B}"
EndProject
Project("{FAE04EC0-301F-11D3-BF4B-00C04F79EFBC}") = "AGL.BusinessLogic.Tests", "AGL.BusinessLogic.Tests\AGL.BusinessLogic.Tests.csproj", "{3E5248AB-8D4C-406C-B215-1496F4645382}"
EndProject
Project("{FAE04EC0-301F-11D3-BF4B-00C04F79EFBC}") = "AGL.MVC.Tests", "AGL.MVC.Tests\AGL.MVC.Tests.csproj", "{BC662DE2-3BCB-412D-8171-7236BB9BCA14}"
EndProject
Global
	GlobalSection(SolutionConfigurationPlatforms) = preSolution
		Debug|Any CPU = Debug|Any CPU
		Release|Any CPU = Release|Any CPU
	EndGlobalSection
	GlobalSection(ProjectConfigurationPlatforms) = postSolution
		{9D511848-E526-49E5-BE05-8930F1766322}.Debug|Any CPU.ActiveCfg = Debug|Any CPU
		{9D511848-E526-49E5-BE05-8930F1766322}.Debug|Any CPU.Build.0 = Debug|Any CPU
		{9D511848-E526-49E5-BE05-8930F1766322}.Release|Any CPU.ActiveCfg = Release|Any CPU
		{9D511848-E526-49E5-BE05-8930F1766322}.Release|Any CPU.Build.0 = Release|Any CPU
		{E41E291B-0BAC-44A2-A8EC-7DF423945A13}.Debug|Any CPU.ActiveCfg = Debug|Any CPU
		{E41E291B-0BAC-44A2-A8EC-7DF423945A13}.Debug|Any CPU.Build.0 = Debug|Any CPU
		{E41E291B-0BAC-44A2-A8EC-7DF423945A13}.Release|Any CPU.ActiveCfg = Release|Any CPU
		{E41E291B-0BAC-44A2-A8EC-7DF423945A13}.Release|Any CPU.Build.0 = Release|Any CPU
		{8499569B-58FE-4655-BB18-21782201C1A1}.Debug|Any CPU.ActiveCfg = Debug|Any CPU
		{8499569B-58FE-4655-BB18-21782201C1A1}.Debug|Any CPU.Build.0 = Debug|Any CPU
		{8499569B-58FE-4655-BB18-21782201C1A1}.Release|Any CPU.ActiveCfg = Release|Any CPU
		{8499569B-58FE-4655-BB18-21782201C1A1}.Release|Any CPU.Build.0 = Release|Any CPU
		{C6DE6D13-B630-4F37-97FF-EFB9CD51D9A2}.Debug|Any CPU.ActiveCfg = Debug|Any CPU
		{C6DE6D13-B630-4F37-97FF-EFB9CD51D9A2}.Debug|Any CPU.Build.0 = Debug|Any CPU
		{C6DE6D13-B630-4F37-97FF-EFB9CD51D9A2}.Release|Any CPU.ActiveCfg = Release|Any CPU
		{C6DE6D13-B630-4F37-97FF-EFB9CD51D9A2}.Release|Any CPU.Build.0 = Release|Any CPU
		{EE1C34EE-6AAC-4B4F-8BFA-95210237956B}.Debug|Any CPU.ActiveCfg = Debug|Any CPU
		{EE1C34EE-6AAC-4B4F-8BFA-95210237956B}.Debug|Any CPU.Build.0 = Debug|Any CPU
		{EE1C34EE-6AAC-4B4F-8BFA-95210237956B}.Release|Any CPU.ActiveCfg = Release|Any CPU
		{EE1C34EE-6AAC-4B4F-8BFA-95210237956B}.Release|Any CPU.Build.0 = Release|Any CPU
		{3E5248AB-8D4C-406C-B215-1496F4645382}.Debug|Any CPU.ActiveCfg = Debug|Any CPU
		{3E5248AB-8D4C-406C-B215-1496F4645382}.Debug|Any CPU.Build.0 = Debug|Any CPU
		{3E5248AB-8D4C-406C-B215-1496F4645382}.Release|Any CPU.ActiveCfg = Release|Any CPU
		{3E5248AB-8D4C-406C-B215-1496F4645382}.Release|Any CPU.Build.0 = Release|Any CPU
		{BC662DE2-3BCB-412D-8171-7236BB9BCA14}.Debug|Any CPU.ActiveCfg = Debug|Any CPU
		{BC662DE2-3BCB-412D-8171-7236BB9BCA14}.Debug|Any CPU.Build.0 = Debug|Any CPU
		{BC662DE2-3BCB-412D-8171-7236BB9BCA14}.Release|Any CPU.ActiveCfg = Release|Any CPU
		{BC662DE2-3BCB-412D-8171-7236BB9BCA14}.Release|Any CPU.Build.0 = Release|Any CPU
	EndGlobalSection
	GlobalSection(SolutionProperties) = preSolution
		HideSolutionNode = FALSE
	EndGlobalSection
EndGlobal
